
Microsoft Visual Studio Solution File, Format Version 12.00
# Visual Studio 15
VisualStudioVersion = 15.0.28307.106
MinimumVisualStudioVersion = 10.0.40219.1
Project("{8BC9CEB8-8B4A-11D0-8D11-00A0C91BC942}") = "TGRS", "TGRS\TGRS.vcxproj", "{B8EA33FB-C665-42E2-A410-A5EAB20B4B33}"
EndProject
Global
	GlobalSection(SolutionConfigurationPlatforms) = preSolution
		Debug|x64 = Debug|x64
		Debug|x86 = Debug|x86
		Release|x64 = Release|x64
		Release|x86 = Release|x86
	EndGlobalSection
	GlobalSection(ProjectConfigurationPlatforms) = postSolution
		{B8EA33FB-C665-42E2-A410-A5EAB20B4B33}.Debug|x64.ActiveCfg = Debug|x64
		{B8EA33FB-C665-42E2-A410-A5EAB20B4B33}.Debug|x64.Build.0 = Debug|x64
		{B8EA33FB-C665-42E2-A410-A5EAB20B4B33}.Debug|x86.ActiveCfg = Debug|x64
		{B8EA33FB-C665-42E2-A410-A5EAB20B4B33}.Debug|x86.Build.0 = Debug|x64
		{B8EA33FB-C665-42E2-A410-A5EAB20B4B33}.Release|x64.ActiveCfg = Release|x64
		{B8EA33FB-C665-42E2-A410-A5EAB20B4B33}.Release|x64.Build.0 = Release|x64
		{B8EA33FB-C665-42E2-A410-A5EAB20B4B33}.Release|x86.ActiveCfg = Release|Win32
		{B8EA33FB-C665-42E2-A410-A5EAB20B4B33}.Release|x86.Build.0 = Release|Win32
	EndGlobalSection
	GlobalSection(SolutionProperties) = preSolution
		HideSolutionNode = FALSE
	EndGlobalSection
	GlobalSection(ExtensibilityGlobals) = postSolution
		SolutionGuid = {901F7D64-5123-47B8-AD5F-8803ACC246D9}
	EndGlobalSection
EndGlobal
