
Microsoft Visual Studio Solution File, Format Version 12.00
# Visual Studio 15
VisualStudioVersion = 15.0.28307.106
MinimumVisualStudioVersion = 10.0.40219.1
Project("{FAE04EC0-301F-11D3-BF4B-00C04F79EFBC}") = "TGRS-CSharp-API", "TGRS-CSharp-API\TGRS-CSharp-API.csproj", "{E16B3360-E356-46C9-9F1E-46D16D17453C}"
EndProject
Global
	GlobalSection(SolutionConfigurationPlatforms) = preSolution
		Debug|Any CPU = Debug|Any CPU
		Release|Any CPU = Release|Any CPU
	EndGlobalSection
	GlobalSection(ProjectConfigurationPlatforms) = postSolution
		{E16B3360-E356-46C9-9F1E-46D16D17453C}.Debug|Any CPU.ActiveCfg = Debug|Any CPU
		{E16B3360-E356-46C9-9F1E-46D16D17453C}.Debug|Any CPU.Build.0 = Debug|Any CPU
		{E16B3360-E356-46C9-9F1E-46D16D17453C}.Release|Any CPU.ActiveCfg = Release|Any CPU
		{E16B3360-E356-46C9-9F1E-46D16D17453C}.Release|Any CPU.Build.0 = Release|Any CPU
	EndGlobalSection
	GlobalSection(SolutionProperties) = preSolution
		HideSolutionNode = FALSE
	EndGlobalSection
	GlobalSection(ExtensibilityGlobals) = postSolution
		SolutionGuid = {08BE96D7-04EA-4F6E-B1A9-EE48D37BC9FD}
	EndGlobalSection
EndGlobal
